
Microsoft Visual Studio Solution File, Format Version 12.00
# Visual Studio Version 17
VisualStudioVersion = 17.4.33213.308
MinimumVisualStudioVersion = 10.0.40219.1
Project("{2150E333-8FDC-42A3-9474-1A3956D46DE8}") = "Solution Items", "Solution Items", "{20A771F5-7D50-437A-9529-EA61CCA5A6E0}"
EndProject
Project("{8BC9CEB8-8B4A-11D0-8D11-00A0C91BC942}") = "KProtectDll", "KProtectDll\KProtectDll.vcxproj", "{54EF58A0-2FA0-4051-A4E3-DD07230F217F}"
	ProjectSection(ProjectDependencies) = postProject
		{F9DC0636-8BA2-466E-A576-8A30D956FA20} = {F9DC0636-8BA2-466E-A576-8A30D956FA20}
	EndProjectSection
EndProject
Project("{8BC9CEB8-8B4A-11D0-8D11-00A0C91BC942}") = "KProtector", "KProtector\KProtector.vcxproj", "{81D71944-2DA4-423C-B693-7E8278DBDB91}"
EndProject
Project("{8BC9CEB8-8B4A-11D0-8D11-00A0C91BC942}") = "KTL", "KTL\KTL.vcxproj", "{9EAEC31D-06E1-40AB-90C9-D32F6F17689F}"
EndProject
Project("{8BC9CEB8-8B4A-11D0-8D11-00A0C91BC942}") = "UProtectCLI", "UProtectCLI\UProtectCLI.vcxproj", "{CCC2D71E-7F3A-401F-8404-19D1EA0E9A48}"
	ProjectSection(ProjectDependencies) = postProject
		{54EF58A0-2FA0-4051-A4E3-DD07230F217F} = {54EF58A0-2FA0-4051-A4E3-DD07230F217F}
	EndProjectSection
EndProject
Project("{2150E333-8FDC-42A3-9474-1A3956D46DE8}") = "Log", "Log", "{11A3EC67-CD36-446D-916D-352058CBFB39}"
	ProjectSection(SolutionItems) = preProject
		Log\Log.h = Log\Log.h
	EndProjectSection
EndProject
Project("{54435603-DBB4-11D2-8724-00A0C9A8B90C}") = "Setup", "Setup\Setup.vdproj", "{B4129D99-3B95-43F4-B29F-C5020B6161B0}"
EndProject
Project("{2150E333-8FDC-42A3-9474-1A3956D46DE8}") = "Common", "Common", "{FF6AC22B-0573-4A77-837A-CE5707DF7D82}"
	ProjectSection(SolutionItems) = preProject
		Common\Common.h = Common\Common.h
	EndProjectSection
EndProject
Project("{8BC9CEB8-8B4A-11D0-8D11-00A0C91BC942}") = "AhoCorasickWithDump", "AhoCorasickWithDump-CPP\AhoCorasickWithDump.vcxproj", "{F9DC0636-8BA2-466E-A576-8A30D956FA20}"
EndProject
Project("{8BC9CEB8-8B4A-11D0-8D11-00A0C91BC942}") = "UProtectGUI", "UProtectGUI\UProtectGUI.vcxproj", "{8C251BBE-2016-4ECF-93BA-E4E5C7DD51A1}"
EndProject
Project("{FAE04EC0-301F-11D3-BF4B-00C04F79EFBC}") = "UProtectApp", "UProtectApp\UProtectApp.csproj", "{E6C07EC0-55D8-4504-80D1-EB7881279E1C}"
	ProjectSection(ProjectDependencies) = postProject
		{54EF58A0-2FA0-4051-A4E3-DD07230F217F} = {54EF58A0-2FA0-4051-A4E3-DD07230F217F}
	EndProjectSection
EndProject
Global
	GlobalSection(SolutionConfigurationPlatforms) = preSolution
		Debug|Any CPU = Debug|Any CPU
		Debug|ARM64 = Debug|ARM64
		Debug|x64 = Debug|x64
		Debug|x86 = Debug|x86
		Release|Any CPU = Release|Any CPU
		Release|ARM64 = Release|ARM64
		Release|x64 = Release|x64
		Release|x86 = Release|x86
	EndGlobalSection
	GlobalSection(ProjectConfigurationPlatforms) = postSolution
		{54EF58A0-2FA0-4051-A4E3-DD07230F217F}.Debug|Any CPU.ActiveCfg = Debug|x64
		{54EF58A0-2FA0-4051-A4E3-DD07230F217F}.Debug|Any CPU.Build.0 = Debug|x64
		{54EF58A0-2FA0-4051-A4E3-DD07230F217F}.Debug|ARM64.ActiveCfg = Debug|x64
		{54EF58A0-2FA0-4051-A4E3-DD07230F217F}.Debug|ARM64.Build.0 = Debug|x64
		{54EF58A0-2FA0-4051-A4E3-DD07230F217F}.Debug|x64.ActiveCfg = Debug|x64
		{54EF58A0-2FA0-4051-A4E3-DD07230F217F}.Debug|x64.Build.0 = Debug|x64
		{54EF58A0-2FA0-4051-A4E3-DD07230F217F}.Debug|x86.ActiveCfg = Debug|Win32
		{54EF58A0-2FA0-4051-A4E3-DD07230F217F}.Debug|x86.Build.0 = Debug|Win32
		{54EF58A0-2FA0-4051-A4E3-DD07230F217F}.Release|Any CPU.ActiveCfg = Release|x64
		{54EF58A0-2FA0-4051-A4E3-DD07230F217F}.Release|Any CPU.Build.0 = Release|x64
		{54EF58A0-2FA0-4051-A4E3-DD07230F217F}.Release|ARM64.ActiveCfg = Release|x64
		{54EF58A0-2FA0-4051-A4E3-DD07230F217F}.Release|ARM64.Build.0 = Release|x64
		{54EF58A0-2FA0-4051-A4E3-DD07230F217F}.Release|x64.ActiveCfg = Release|x64
		{54EF58A0-2FA0-4051-A4E3-DD07230F217F}.Release|x64.Build.0 = Release|x64
		{54EF58A0-2FA0-4051-A4E3-DD07230F217F}.Release|x86.ActiveCfg = Release|Win32
		{54EF58A0-2FA0-4051-A4E3-DD07230F217F}.Release|x86.Build.0 = Release|Win32
		{81D71944-2DA4-423C-B693-7E8278DBDB91}.Debug|Any CPU.ActiveCfg = Debug|x64
		{81D71944-2DA4-423C-B693-7E8278DBDB91}.Debug|Any CPU.Build.0 = Debug|x64
		{81D71944-2DA4-423C-B693-7E8278DBDB91}.Debug|Any CPU.Deploy.0 = Debug|x64
		{81D71944-2DA4-423C-B693-7E8278DBDB91}.Debug|ARM64.ActiveCfg = Debug|ARM64
		{81D71944-2DA4-423C-B693-7E8278DBDB91}.Debug|ARM64.Build.0 = Debug|ARM64
		{81D71944-2DA4-423C-B693-7E8278DBDB91}.Debug|ARM64.Deploy.0 = Debug|ARM64
		{81D71944-2DA4-423C-B693-7E8278DBDB91}.Debug|x64.ActiveCfg = Debug|x64
		{81D71944-2DA4-423C-B693-7E8278DBDB91}.Debug|x64.Build.0 = Debug|x64
		{81D71944-2DA4-423C-B693-7E8278DBDB91}.Debug|x64.Deploy.0 = Debug|x64
		{81D71944-2DA4-423C-B693-7E8278DBDB91}.Debug|x86.ActiveCfg = Debug|x64
		{81D71944-2DA4-423C-B693-7E8278DBDB91}.Debug|x86.Build.0 = Debug|x64
		{81D71944-2DA4-423C-B693-7E8278DBDB91}.Debug|x86.Deploy.0 = Debug|x64
		{81D71944-2DA4-423C-B693-7E8278DBDB91}.Release|Any CPU.ActiveCfg = Release|x64
		{81D71944-2DA4-423C-B693-7E8278DBDB91}.Release|Any CPU.Build.0 = Release|x64
		{81D71944-2DA4-423C-B693-7E8278DBDB91}.Release|Any CPU.Deploy.0 = Release|x64
		{81D71944-2DA4-423C-B693-7E8278DBDB91}.Release|ARM64.ActiveCfg = Release|ARM64
		{81D71944-2DA4-423C-B693-7E8278DBDB91}.Release|ARM64.Build.0 = Release|ARM64
		{81D71944-2DA4-423C-B693-7E8278DBDB91}.Release|ARM64.Deploy.0 = Release|ARM64
		{81D71944-2DA4-423C-B693-7E8278DBDB91}.Release|x64.ActiveCfg = Release|x64
		{81D71944-2DA4-423C-B693-7E8278DBDB91}.Release|x64.Build.0 = Release|x64
		{81D71944-2DA4-423C-B693-7E8278DBDB91}.Release|x64.Deploy.0 = Release|x64
		{81D71944-2DA4-423C-B693-7E8278DBDB91}.Release|x86.ActiveCfg = Release|x64
		{81D71944-2DA4-423C-B693-7E8278DBDB91}.Release|x86.Build.0 = Release|x64
		{81D71944-2DA4-423C-B693-7E8278DBDB91}.Release|x86.Deploy.0 = Release|x64
		{9EAEC31D-06E1-40AB-90C9-D32F6F17689F}.Debug|Any CPU.ActiveCfg = Debug|x64
		{9EAEC31D-06E1-40AB-90C9-D32F6F17689F}.Debug|Any CPU.Build.0 = Debug|x64
		{9EAEC31D-06E1-40AB-90C9-D32F6F17689F}.Debug|Any CPU.Deploy.0 = Debug|x64
		{9EAEC31D-06E1-40AB-90C9-D32F6F17689F}.Debug|ARM64.ActiveCfg = Debug|ARM64
		{9EAEC31D-06E1-40AB-90C9-D32F6F17689F}.Debug|ARM64.Build.0 = Debug|ARM64
		{9EAEC31D-06E1-40AB-90C9-D32F6F17689F}.Debug|ARM64.Deploy.0 = Debug|ARM64
		{9EAEC31D-06E1-40AB-90C9-D32F6F17689F}.Debug|x64.ActiveCfg = Debug|x64
		{9EAEC31D-06E1-40AB-90C9-D32F6F17689F}.Debug|x64.Build.0 = Debug|x64
		{9EAEC31D-06E1-40AB-90C9-D32F6F17689F}.Debug|x64.Deploy.0 = Debug|x64
		{9EAEC31D-06E1-40AB-90C9-D32F6F17689F}.Debug|x86.ActiveCfg = Debug|x64
		{9EAEC31D-06E1-40AB-90C9-D32F6F17689F}.Debug|x86.Build.0 = Debug|x64
		{9EAEC31D-06E1-40AB-90C9-D32F6F17689F}.Debug|x86.Deploy.0 = Debug|x64
		{9EAEC31D-06E1-40AB-90C9-D32F6F17689F}.Release|Any CPU.ActiveCfg = Release|x64
		{9EAEC31D-06E1-40AB-90C9-D32F6F17689F}.Release|Any CPU.Build.0 = Release|x64
		{9EAEC31D-06E1-40AB-90C9-D32F6F17689F}.Release|Any CPU.Deploy.0 = Release|x64
		{9EAEC31D-06E1-40AB-90C9-D32F6F17689F}.Release|ARM64.ActiveCfg = Release|ARM64
		{9EAEC31D-06E1-40AB-90C9-D32F6F17689F}.Release|ARM64.Build.0 = Release|ARM64
		{9EAEC31D-06E1-40AB-90C9-D32F6F17689F}.Release|ARM64.Deploy.0 = Release|ARM64
		{9EAEC31D-06E1-40AB-90C9-D32F6F17689F}.Release|x64.ActiveCfg = Release|x64
		{9EAEC31D-06E1-40AB-90C9-D32F6F17689F}.Release|x64.Build.0 = Release|x64
		{9EAEC31D-06E1-40AB-90C9-D32F6F17689F}.Release|x64.Deploy.0 = Release|x64
		{9EAEC31D-06E1-40AB-90C9-D32F6F17689F}.Release|x86.ActiveCfg = Release|x64
		{9EAEC31D-06E1-40AB-90C9-D32F6F17689F}.Release|x86.Build.0 = Release|x64
		{9EAEC31D-06E1-40AB-90C9-D32F6F17689F}.Release|x86.Deploy.0 = Release|x64
		{CCC2D71E-7F3A-401F-8404-19D1EA0E9A48}.Debug|Any CPU.ActiveCfg = Debug|x64
		{CCC2D71E-7F3A-401F-8404-19D1EA0E9A48}.Debug|Any CPU.Build.0 = Debug|x64
		{CCC2D71E-7F3A-401F-8404-19D1EA0E9A48}.Debug|ARM64.ActiveCfg = Debug|x64
		{CCC2D71E-7F3A-401F-8404-19D1EA0E9A48}.Debug|ARM64.Build.0 = Debug|x64
		{CCC2D71E-7F3A-401F-8404-19D1EA0E9A48}.Debug|x64.ActiveCfg = Debug|x64
		{CCC2D71E-7F3A-401F-8404-19D1EA0E9A48}.Debug|x64.Build.0 = Debug|x64
		{CCC2D71E-7F3A-401F-8404-19D1EA0E9A48}.Debug|x86.ActiveCfg = Debug|Win32
		{CCC2D71E-7F3A-401F-8404-19D1EA0E9A48}.Debug|x86.Build.0 = Debug|Win32
		{CCC2D71E-7F3A-401F-8404-19D1EA0E9A48}.Release|Any CPU.ActiveCfg = Release|x64
		{CCC2D71E-7F3A-401F-8404-19D1EA0E9A48}.Release|Any CPU.Build.0 = Release|x64
		{CCC2D71E-7F3A-401F-8404-19D1EA0E9A48}.Release|ARM64.ActiveCfg = Release|x64
		{CCC2D71E-7F3A-401F-8404-19D1EA0E9A48}.Release|ARM64.Build.0 = Release|x64
		{CCC2D71E-7F3A-401F-8404-19D1EA0E9A48}.Release|x64.ActiveCfg = Release|x64
		{CCC2D71E-7F3A-401F-8404-19D1EA0E9A48}.Release|x64.Build.0 = Release|x64
		{CCC2D71E-7F3A-401F-8404-19D1EA0E9A48}.Release|x86.ActiveCfg = Release|Win32
		{CCC2D71E-7F3A-401F-8404-19D1EA0E9A48}.Release|x86.Build.0 = Release|Win32
		{B4129D99-3B95-43F4-B29F-C5020B6161B0}.Debug|Any CPU.ActiveCfg = Debug
		{B4129D99-3B95-43F4-B29F-C5020B6161B0}.Debug|ARM64.ActiveCfg = Debug
		{B4129D99-3B95-43F4-B29F-C5020B6161B0}.Debug|x64.ActiveCfg = Debug
		{B4129D99-3B95-43F4-B29F-C5020B6161B0}.Debug|x86.ActiveCfg = Debug
		{B4129D99-3B95-43F4-B29F-C5020B6161B0}.Release|Any CPU.ActiveCfg = Release
		{B4129D99-3B95-43F4-B29F-C5020B6161B0}.Release|ARM64.ActiveCfg = Release
		{B4129D99-3B95-43F4-B29F-C5020B6161B0}.Release|x64.ActiveCfg = Release
		{B4129D99-3B95-43F4-B29F-C5020B6161B0}.Release|x86.ActiveCfg = Release
		{F9DC0636-8BA2-466E-A576-8A30D956FA20}.Debug|Any CPU.ActiveCfg = Debug|x64
		{F9DC0636-8BA2-466E-A576-8A30D956FA20}.Debug|Any CPU.Build.0 = Debug|x64
		{F9DC0636-8BA2-466E-A576-8A30D956FA20}.Debug|ARM64.ActiveCfg = Debug|x64
		{F9DC0636-8BA2-466E-A576-8A30D956FA20}.Debug|ARM64.Build.0 = Debug|x64
		{F9DC0636-8BA2-466E-A576-8A30D956FA20}.Debug|x64.ActiveCfg = Debug|x64
		{F9DC0636-8BA2-466E-A576-8A30D956FA20}.Debug|x64.Build.0 = Debug|x64
		{F9DC0636-8BA2-466E-A576-8A30D956FA20}.Debug|x86.ActiveCfg = Debug|Win32
		{F9DC0636-8BA2-466E-A576-8A30D956FA20}.Debug|x86.Build.0 = Debug|Win32
		{F9DC0636-8BA2-466E-A576-8A30D956FA20}.Release|Any CPU.ActiveCfg = Release|x64
		{F9DC0636-8BA2-466E-A576-8A30D956FA20}.Release|Any CPU.Build.0 = Release|x64
		{F9DC0636-8BA2-466E-A576-8A30D956FA20}.Release|ARM64.ActiveCfg = Release|x64
		{F9DC0636-8BA2-466E-A576-8A30D956FA20}.Release|ARM64.Build.0 = Release|x64
		{F9DC0636-8BA2-466E-A576-8A30D956FA20}.Release|x64.ActiveCfg = Release|x64
		{F9DC0636-8BA2-466E-A576-8A30D956FA20}.Release|x64.Build.0 = Release|x64
		{F9DC0636-8BA2-466E-A576-8A30D956FA20}.Release|x86.ActiveCfg = Release|Win32
		{F9DC0636-8BA2-466E-A576-8A30D956FA20}.Release|x86.Build.0 = Release|Win32
		{8C251BBE-2016-4ECF-93BA-E4E5C7DD51A1}.Debug|Any CPU.ActiveCfg = Debug|x64
		{8C251BBE-2016-4ECF-93BA-E4E5C7DD51A1}.Debug|Any CPU.Build.0 = Debug|x64
		{8C251BBE-2016-4ECF-93BA-E4E5C7DD51A1}.Debug|ARM64.ActiveCfg = Debug|x64
		{8C251BBE-2016-4ECF-93BA-E4E5C7DD51A1}.Debug|ARM64.Build.0 = Debug|x64
		{8C251BBE-2016-4ECF-93BA-E4E5C7DD51A1}.Debug|x64.ActiveCfg = Debug|x64
		{8C251BBE-2016-4ECF-93BA-E4E5C7DD51A1}.Debug|x64.Build.0 = Debug|x64
		{8C251BBE-2016-4ECF-93BA-E4E5C7DD51A1}.Debug|x86.ActiveCfg = Debug|Win32
		{8C251BBE-2016-4ECF-93BA-E4E5C7DD51A1}.Debug|x86.Build.0 = Debug|Win32
		{8C251BBE-2016-4ECF-93BA-E4E5C7DD51A1}.Release|Any CPU.ActiveCfg = Release|x64
		{8C251BBE-2016-4ECF-93BA-E4E5C7DD51A1}.Release|Any CPU.Build.0 = Release|x64
		{8C251BBE-2016-4ECF-93BA-E4E5C7DD51A1}.Release|ARM64.ActiveCfg = Release|x64
		{8C251BBE-2016-4ECF-93BA-E4E5C7DD51A1}.Release|ARM64.Build.0 = Release|x64
		{8C251BBE-2016-4ECF-93BA-E4E5C7DD51A1}.Release|x64.ActiveCfg = Release|x64
		{8C251BBE-2016-4ECF-93BA-E4E5C7DD51A1}.Release|x64.Build.0 = Release|x64
		{8C251BBE-2016-4ECF-93BA-E4E5C7DD51A1}.Release|x86.ActiveCfg = Release|Win32
		{8C251BBE-2016-4ECF-93BA-E4E5C7DD51A1}.Release|x86.Build.0 = Release|Win32
		{E6C07EC0-55D8-4504-80D1-EB7881279E1C}.Debug|Any CPU.ActiveCfg = Debug|Any CPU
		{E6C07EC0-55D8-4504-80D1-EB7881279E1C}.Debug|Any CPU.Build.0 = Debug|Any CPU
		{E6C07EC0-55D8-4504-80D1-EB7881279E1C}.Debug|ARM64.ActiveCfg = Debug|Any CPU
		{E6C07EC0-55D8-4504-80D1-EB7881279E1C}.Debug|ARM64.Build.0 = Debug|Any CPU
		{E6C07EC0-55D8-4504-80D1-EB7881279E1C}.Debug|x64.ActiveCfg = Debug|Any CPU
		{E6C07EC0-55D8-4504-80D1-EB7881279E1C}.Debug|x64.Build.0 = Debug|Any CPU
		{E6C07EC0-55D8-4504-80D1-EB7881279E1C}.Debug|x86.ActiveCfg = Debug|Any CPU
		{E6C07EC0-55D8-4504-80D1-EB7881279E1C}.Debug|x86.Build.0 = Debug|Any CPU
		{E6C07EC0-55D8-4504-80D1-EB7881279E1C}.Release|Any CPU.ActiveCfg = Release|Any CPU
		{E6C07EC0-55D8-4504-80D1-EB7881279E1C}.Release|Any CPU.Build.0 = Release|Any CPU
		{E6C07EC0-55D8-4504-80D1-EB7881279E1C}.Release|ARM64.ActiveCfg = Release|Any CPU
		{E6C07EC0-55D8-4504-80D1-EB7881279E1C}.Release|ARM64.Build.0 = Release|Any CPU
		{E6C07EC0-55D8-4504-80D1-EB7881279E1C}.Release|x64.ActiveCfg = Release|Any CPU
		{E6C07EC0-55D8-4504-80D1-EB7881279E1C}.Release|x64.Build.0 = Release|Any CPU
		{E6C07EC0-55D8-4504-80D1-EB7881279E1C}.Release|x86.ActiveCfg = Release|Any CPU
		{E6C07EC0-55D8-4504-80D1-EB7881279E1C}.Release|x86.Build.0 = Release|Any CPU
	EndGlobalSection
	GlobalSection(SolutionProperties) = preSolution
		HideSolutionNode = FALSE
	EndGlobalSection
	GlobalSection(NestedProjects) = preSolution
		{54EF58A0-2FA0-4051-A4E3-DD07230F217F} = {20A771F5-7D50-437A-9529-EA61CCA5A6E0}
		{81D71944-2DA4-423C-B693-7E8278DBDB91} = {20A771F5-7D50-437A-9529-EA61CCA5A6E0}
		{9EAEC31D-06E1-40AB-90C9-D32F6F17689F} = {20A771F5-7D50-437A-9529-EA61CCA5A6E0}
		{CCC2D71E-7F3A-401F-8404-19D1EA0E9A48} = {20A771F5-7D50-437A-9529-EA61CCA5A6E0}
	EndGlobalSection
	GlobalSection(ExtensibilityGlobals) = postSolution
		SolutionGuid = {3B7C9EFA-498C-45EF-BA5C-C020BC6B2E85}
	EndGlobalSection
EndGlobal
